
Microsoft Visual Studio Solution File, Format Version 12.00
# Visual Studio Version 17
VisualStudioVersion = 17.3.32811.315
MinimumVisualStudioVersion = 10.0.40219.1
Project("{9A19103F-16F7-4668-BE54-9A1E7A4F7556}") = "e-shop", "e-shop.csproj", "{59E777F5-105E-4E14-9C36-C7216A3B9F06}"
EndProject
Global
	GlobalSection(SolutionConfigurationPlatforms) = preSolution
		Debug|Any CPU = Debug|Any CPU
		Release|Any CPU = Release|Any CPU
	EndGlobalSection
	GlobalSection(ProjectConfigurationPlatforms) = postSolution
		{59E777F5-105E-4E14-9C36-C7216A3B9F06}.Debug|Any CPU.ActiveCfg = Debug|Any CPU
		{59E777F5-105E-4E14-9C36-C7216A3B9F06}.Debug|Any CPU.Build.0 = Debug|Any CPU
		{59E777F5-105E-4E14-9C36-C7216A3B9F06}.Release|Any CPU.ActiveCfg = Release|Any CPU
		{59E777F5-105E-4E14-9C36-C7216A3B9F06}.Release|Any CPU.Build.0 = Release|Any CPU
	EndGlobalSection
	GlobalSection(SolutionProperties) = preSolution
		HideSolutionNode = FALSE
	EndGlobalSection
	GlobalSection(ExtensibilityGlobals) = postSolution
		SolutionGuid = {A89AA143-D7BE-4A48-8053-011AB682569F}
	EndGlobalSection
EndGlobal
